// !$*UTF8*$!
{
	archiveVersion = 1;
	classes = {
	};
	objectVersion = 50;
	objects = {

/* Begin PBXBuildFile section */
		C46D2FBF21BF939000300F90 /* AppDelegate.swift in Sources */ = {isa = PBXBuildFile; fileRef = C46D2FBE21BF939000300F90 /* AppDelegate.swift */; };
		C46D2FC421BF939000300F90 /* Main.storyboard in Resources */ = {isa = PBXBuildFile; fileRef = C46D2FC221BF939000300F90 /* Main.storyboard */; };
		C46D2FC621BF939100300F90 /* Assets.xcassets in Resources */ = {isa = PBXBuildFile; fileRef = C46D2FC521BF939100300F90 /* Assets.xcassets */; };
		C46D2FC921BF939100300F90 /* LaunchScreen.storyboard in Resources */ = {isa = PBXBuildFile; fileRef = C46D2FC721BF939100300F90 /* LaunchScreen.storyboard */; };
		C46D2FD421BF939100300F90 /* SiriShortcutsDemoTests.swift in Sources */ = {isa = PBXBuildFile; fileRef = C46D2FD321BF939100300F90 /* SiriShortcutsDemoTests.swift */; };
		C46D2FDF21BF939100300F90 /* SiriShortcutsDemoUITests.swift in Sources */ = {isa = PBXBuildFile; fileRef = C46D2FDE21BF939100300F90 /* SiriShortcutsDemoUITests.swift */; };
		C46D2FED21BF943600300F90 /* RootViewController.swift in Sources */ = {isa = PBXBuildFile; fileRef = C46D2FEC21BF943600300F90 /* RootViewController.swift */; };
		C46D2FF021BF956500300F90 /* Intents.intentdefinition in Sources */ = {isa = PBXBuildFile; fileRef = C46D2FEF21BF956500300F90 /* Intents.intentdefinition */; };
		C46D2FF221BF968F00300F90 /* ActityModeViewController.swift in Sources */ = {isa = PBXBuildFile; fileRef = C46D2FF121BF968F00300F90 /* ActityModeViewController.swift */; };
		C46D2FF521BFA03400300F90 /* MobileCoreServices.framework in Frameworks */ = {isa = PBXBuildFile; fileRef = C46D2FF421BFA03300300F90 /* MobileCoreServices.framework */; };
		C46D2FF721BFA03B00300F90 /* CoreSpotlight.framework in Frameworks */ = {isa = PBXBuildFile; fileRef = C46D2FF621BFA03A00300F90 /* CoreSpotlight.framework */; };
		C46D2FFA21BFA17200300F90 /* Intents.framework in Frameworks */ = {isa = PBXBuildFile; fileRef = C46D2FF921BFA17200300F90 /* Intents.framework */; };
		C46D2FFC21BFA7A400300F90 /* IntentViewController.swift in Sources */ = {isa = PBXBuildFile; fileRef = C46D2FFB21BFA7A400300F90 /* IntentViewController.swift */; };
		C46D300421BFAB9800300F90 /* IntentHandler.swift in Sources */ = {isa = PBXBuildFile; fileRef = C46D300321BFAB9800300F90 /* IntentHandler.swift */; };
		C46D300C21BFAB9800300F90 /* IntentsUI.framework in Frameworks */ = {isa = PBXBuildFile; fileRef = C46D300B21BFAB9800300F90 /* IntentsUI.framework */; };
		C46D300F21BFAB9800300F90 /* IntentViewController.swift in Sources */ = {isa = PBXBuildFile; fileRef = C46D300E21BFAB9800300F90 /* IntentViewController.swift */; };
		C46D301221BFAB9800300F90 /* MainInterface.storyboard in Resources */ = {isa = PBXBuildFile; fileRef = C46D301021BFAB9800300F90 /* MainInterface.storyboard */; };
		C46D301621BFAB9800300F90 /* EventUI.appex in Embed App Extensions */ = {isa = PBXBuildFile; fileRef = C46D300A21BFAB9800300F90 /* EventUI.appex */; settings = {ATTRIBUTES = (RemoveHeadersOnCopy, ); }; };
		C46D301921BFAB9800300F90 /* Event.appex in Embed App Extensions */ = {isa = PBXBuildFile; fileRef = C46D300121BFAB9800300F90 /* Event.appex */; settings = {ATTRIBUTES = (RemoveHeadersOnCopy, ); }; };
		C477AF5321C25D7200582A3D /* DisplayViewController.swift in Sources */ = {isa = PBXBuildFile; fileRef = C477AF5221C25D7200582A3D /* DisplayViewController.swift */; };
		C4E764E221C2395B0094F009 /* Intents.intentdefinition in Sources */ = {isa = PBXBuildFile; fileRef = C46D2FEF21BF956500300F90 /* Intents.intentdefinition */; };
		C4E764E321C2395C0094F009 /* Intents.intentdefinition in Sources */ = {isa = PBXBuildFile; fileRef = C46D2FEF21BF956500300F90 /* Intents.intentdefinition */; };
		C4E764E521C23FDC0094F009 /* IntentDemoHandler.swift in Sources */ = {isa = PBXBuildFile; fileRef = C4E764E421C23FDC0094F009 /* IntentDemoHandler.swift */; };
/* End PBXBuildFile section */

/* Begin PBXContainerItemProxy section */
		C46D2FD021BF939100300F90 /* PBXContainerItemProxy */ = {
			isa = PBXContainerItemProxy;
			containerPortal = C46D2FB321BF939000300F90 /* Project object */;
			proxyType = 1;
			remoteGlobalIDString = C46D2FBA21BF939000300F90;
			remoteInfo = SiriShortcutsDemo;
		};
		C46D2FDB21BF939100300F90 /* PBXContainerItemProxy */ = {
			isa = PBXContainerItemProxy;
			containerPortal = C46D2FB321BF939000300F90 /* Project object */;
			proxyType = 1;
			remoteGlobalIDString = C46D2FBA21BF939000300F90;
			remoteInfo = SiriShortcutsDemo;
		};
		C46D301421BFAB9800300F90 /* PBXContainerItemProxy */ = {
			isa = PBXContainerItemProxy;
			containerPortal = C46D2FB321BF939000300F90 /* Project object */;
			proxyType = 1;
			remoteGlobalIDString = C46D300921BFAB9800300F90;
			remoteInfo = EventUI;
		};
		C46D301721BFAB9800300F90 /* PBXContainerItemProxy */ = {
			isa = PBXContainerItemProxy;
			containerPortal = C46D2FB321BF939000300F90 /* Project object */;
			proxyType = 1;
			remoteGlobalIDString = C46D300021BFAB9800300F90;
			remoteInfo = Event;
		};
/* End PBXContainerItemProxy section */

/* Begin PBXCopyFilesBuildPhase section */
		C46D302021BFAB9800300F90 /* Embed App Extensions */ = {
			isa = PBXCopyFilesBuildPhase;
			buildActionMask = 2147483647;
			dstPath = "";
			dstSubfolderSpec = 13;
			files = (
				C46D301621BFAB9800300F90 /* EventUI.appex in Embed App Extensions */,
				C46D301921BFAB9800300F90 /* Event.appex in Embed App Extensions */,
			);
			name = "Embed App Extensions";
			runOnlyForDeploymentPostprocessing = 0;
		};
/* End PBXCopyFilesBuildPhase section */

/* Begin PBXFileReference section */
		C46D2FBB21BF939000300F90 /* SiriShortcutsDemo.app */ = {isa = PBXFileReference; explicitFileType = wrapper.application; includeInIndex = 0; path = SiriShortcutsDemo.app; sourceTree = BUILT_PRODUCTS_DIR; };
		C46D2FBE21BF939000300F90 /* AppDelegate.swift */ = {isa = PBXFileReference; lastKnownFileType = sourcecode.swift; path = AppDelegate.swift; sourceTree = "<group>"; };
		C46D2FC321BF939000300F90 /* Base */ = {isa = PBXFileReference; lastKnownFileType = file.storyboard; name = Base; path = Base.lproj/Main.storyboard; sourceTree = "<group>"; };
		C46D2FC521BF939100300F90 /* Assets.xcassets */ = {isa = PBXFileReference; lastKnownFileType = folder.assetcatalog; path = Assets.xcassets; sourceTree = "<group>"; };
		C46D2FC821BF939100300F90 /* Base */ = {isa = PBXFileReference; lastKnownFileType = file.storyboard; name = Base; path = Base.lproj/LaunchScreen.storyboard; sourceTree = "<group>"; };
		C46D2FCA21BF939100300F90 /* Info.plist */ = {isa = PBXFileReference; lastKnownFileType = text.plist.xml; path = Info.plist; sourceTree = "<group>"; };
		C46D2FCF21BF939100300F90 /* SiriShortcutsDemoTests.xctest */ = {isa = PBXFileReference; explicitFileType = wrapper.cfbundle; includeInIndex = 0; path = SiriShortcutsDemoTests.xctest; sourceTree = BUILT_PRODUCTS_DIR; };
		C46D2FD321BF939100300F90 /* SiriShortcutsDemoTests.swift */ = {isa = PBXFileReference; lastKnownFileType = sourcecode.swift; path = SiriShortcutsDemoTests.swift; sourceTree = "<group>"; };
		C46D2FD521BF939100300F90 /* Info.plist */ = {isa = PBXFileReference; lastKnownFileType = text.plist.xml; path = Info.plist; sourceTree = "<group>"; };
		C46D2FDA21BF939100300F90 /* SiriShortcutsDemoUITests.xctest */ = {isa = PBXFileReference; explicitFileType = wrapper.cfbundle; includeInIndex = 0; path = SiriShortcutsDemoUITests.xctest; sourceTree = BUILT_PRODUCTS_DIR; };
		C46D2FDE21BF939100300F90 /* SiriShortcutsDemoUITests.swift */ = {isa = PBXFileReference; lastKnownFileType = sourcecode.swift; path = SiriShortcutsDemoUITests.swift; sourceTree = "<group>"; };
		C46D2FE021BF939100300F90 /* Info.plist */ = {isa = PBXFileReference; lastKnownFileType = text.plist.xml; path = Info.plist; sourceTree = "<group>"; };
		C46D2FEC21BF943600300F90 /* RootViewController.swift */ = {isa = PBXFileReference; lastKnownFileType = sourcecode.swift; path = RootViewController.swift; sourceTree = "<group>"; };
		C46D2FEF21BF956500300F90 /* Intents.intentdefinition */ = {isa = PBXFileReference; lastKnownFileType = file.intentdefinition; path = Intents.intentdefinition; sourceTree = "<group>"; };
		C46D2FF121BF968F00300F90 /* ActityModeViewController.swift */ = {isa = PBXFileReference; lastKnownFileType = sourcecode.swift; path = ActityModeViewController.swift; sourceTree = "<group>"; };
		C46D2FF421BFA03300300F90 /* MobileCoreServices.framework */ = {isa = PBXFileReference; lastKnownFileType = wrapper.framework; name = MobileCoreServices.framework; path = System/Library/Frameworks/MobileCoreServices.framework; sourceTree = SDKROOT; };
		C46D2FF621BFA03A00300F90 /* CoreSpotlight.framework */ = {isa = PBXFileReference; lastKnownFileType = wrapper.framework; name = CoreSpotlight.framework; path = System/Library/Frameworks/CoreSpotlight.framework; sourceTree = SDKROOT; };
		C46D2FF821BFA15300300F90 /* SiriShortcutsDemo.entitlements */ = {isa = PBXFileReference; lastKnownFileType = text.plist.entitlements; path = SiriShortcutsDemo.entitlements; sourceTree = "<group>"; };
		C46D2FF921BFA17200300F90 /* Intents.framework */ = {isa = PBXFileReference; lastKnownFileType = wrapper.framework; name = Intents.framework; path = System/Library/Frameworks/Intents.framework; sourceTree = SDKROOT; };
		C46D2FFB21BFA7A400300F90 /* IntentViewController.swift */ = {isa = PBXFileReference; lastKnownFileType = sourcecode.swift; path = IntentViewController.swift; sourceTree = "<group>"; };
		C46D300121BFAB9800300F90 /* Event.appex */ = {isa = PBXFileReference; explicitFileType = "wrapper.app-extension"; includeInIndex = 0; path = Event.appex; sourceTree = BUILT_PRODUCTS_DIR; };
		C46D300321BFAB9800300F90 /* IntentHandler.swift */ = {isa = PBXFileReference; lastKnownFileType = sourcecode.swift; path = IntentHandler.swift; sourceTree = "<group>"; };
		C46D300521BFAB9800300F90 /* Info.plist */ = {isa = PBXFileReference; lastKnownFileType = text.plist.xml; path = Info.plist; sourceTree = "<group>"; };
		C46D300A21BFAB9800300F90 /* EventUI.appex */ = {isa = PBXFileReference; explicitFileType = "wrapper.app-extension"; includeInIndex = 0; path = EventUI.appex; sourceTree = BUILT_PRODUCTS_DIR; };
		C46D300B21BFAB9800300F90 /* IntentsUI.framework */ = {isa = PBXFileReference; lastKnownFileType = wrapper.framework; name = IntentsUI.framework; path = System/Library/Frameworks/IntentsUI.framework; sourceTree = SDKROOT; };
		C46D300E21BFAB9800300F90 /* IntentViewController.swift */ = {isa = PBXFileReference; lastKnownFileType = sourcecode.swift; path = IntentViewController.swift; sourceTree = "<group>"; };
		C46D301121BFAB9800300F90 /* Base */ = {isa = PBXFileReference; lastKnownFileType = file.storyboard; name = Base; path = Base.lproj/MainInterface.storyboard; sourceTree = "<group>"; };
		C46D301321BFAB9800300F90 /* Info.plist */ = {isa = PBXFileReference; lastKnownFileType = text.plist.xml; path = Info.plist; sourceTree = "<group>"; };
		C477AF5221C25D7200582A3D /* DisplayViewController.swift */ = {isa = PBXFileReference; lastKnownFileType = sourcecode.swift; path = DisplayViewController.swift; sourceTree = "<group>"; };
		C4E764E421C23FDC0094F009 /* IntentDemoHandler.swift */ = {isa = PBXFileReference; lastKnownFileType = sourcecode.swift; path = IntentDemoHandler.swift; sourceTree = "<group>"; };
/* End PBXFileReference section */

/* Begin PBXFrameworksBuildPhase section */
		C46D2FB821BF939000300F90 /* Frameworks */ = {
			isa = PBXFrameworksBuildPhase;
			buildActionMask = 2147483647;
			files = (
				C46D2FFA21BFA17200300F90 /* Intents.framework in Frameworks */,
				C46D2FF721BFA03B00300F90 /* CoreSpotlight.framework in Frameworks */,
				C46D2FF521BFA03400300F90 /* MobileCoreServices.framework in Frameworks */,
			);
			runOnlyForDeploymentPostprocessing = 0;
		};
		C46D2FCC21BF939100300F90 /* Frameworks */ = {
			isa = PBXFrameworksBuildPhase;
			buildActionMask = 2147483647;
			files = (
			);
			runOnlyForDeploymentPostprocessing = 0;
		};
		C46D2FD721BF939100300F90 /* Frameworks */ = {
			isa = PBXFrameworksBuildPhase;
			buildActionMask = 2147483647;
			files = (
			);
			runOnlyForDeploymentPostprocessing = 0;
		};
		C46D2FFE21BFAB9800300F90 /* Frameworks */ = {
			isa = PBXFrameworksBuildPhase;
			buildActionMask = 2147483647;
			files = (
			);
			runOnlyForDeploymentPostprocessing = 0;
		};
		C46D300721BFAB9800300F90 /* Frameworks */ = {
			isa = PBXFrameworksBuildPhase;
			buildActionMask = 2147483647;
			files = (
				C46D300C21BFAB9800300F90 /* IntentsUI.framework in Frameworks */,
			);
			runOnlyForDeploymentPostprocessing = 0;
		};
/* End PBXFrameworksBuildPhase section */

/* Begin PBXGroup section */
		C46D2FB221BF939000300F90 = {
			isa = PBXGroup;
			children = (
				C46D2FBD21BF939000300F90 /* SiriShortcutsDemo */,
				C46D2FD221BF939100300F90 /* SiriShortcutsDemoTests */,
				C46D2FDD21BF939100300F90 /* SiriShortcutsDemoUITests */,
				C46D300221BFAB9800300F90 /* Event */,
				C46D300D21BFAB9800300F90 /* EventUI */,
				C46D2FBC21BF939000300F90 /* Products */,
				C46D2FF321BFA03300300F90 /* Frameworks */,
			);
			sourceTree = "<group>";
		};
		C46D2FBC21BF939000300F90 /* Products */ = {
			isa = PBXGroup;
			children = (
				C46D2FBB21BF939000300F90 /* SiriShortcutsDemo.app */,
				C46D2FCF21BF939100300F90 /* SiriShortcutsDemoTests.xctest */,
				C46D2FDA21BF939100300F90 /* SiriShortcutsDemoUITests.xctest */,
				C46D300121BFAB9800300F90 /* Event.appex */,
				C46D300A21BFAB9800300F90 /* EventUI.appex */,
			);
			name = Products;
			sourceTree = "<group>";
		};
		C46D2FBD21BF939000300F90 /* SiriShortcutsDemo */ = {
			isa = PBXGroup;
			children = (
				C46D2FF821BFA15300300F90 /* SiriShortcutsDemo.entitlements */,
				C46D2FEE21BF943C00300F90 /* ViewController */,
				C46D2FBE21BF939000300F90 /* AppDelegate.swift */,
				C46D2FC221BF939000300F90 /* Main.storyboard */,
				C46D2FC521BF939100300F90 /* Assets.xcassets */,
				C46D2FC721BF939100300F90 /* LaunchScreen.storyboard */,
				C46D2FCA21BF939100300F90 /* Info.plist */,
				C46D2FEF21BF956500300F90 /* Intents.intentdefinition */,
			);
			path = SiriShortcutsDemo;
			sourceTree = "<group>";
		};
		C46D2FD221BF939100300F90 /* SiriShortcutsDemoTests */ = {
			isa = PBXGroup;
			children = (
				C46D2FD321BF939100300F90 /* SiriShortcutsDemoTests.swift */,
				C46D2FD521BF939100300F90 /* Info.plist */,
			);
			path = SiriShortcutsDemoTests;
			sourceTree = "<group>";
		};
		C46D2FDD21BF939100300F90 /* SiriShortcutsDemoUITests */ = {
			isa = PBXGroup;
			children = (
				C46D2FDE21BF939100300F90 /* SiriShortcutsDemoUITests.swift */,
				C46D2FE021BF939100300F90 /* Info.plist */,
			);
			path = SiriShortcutsDemoUITests;
			sourceTree = "<group>";
		};
		C46D2FEE21BF943C00300F90 /* ViewController */ = {
			isa = PBXGroup;
			children = (
				C46D2FEC21BF943600300F90 /* RootViewController.swift */,
				C46D2FF121BF968F00300F90 /* ActityModeViewController.swift */,
				C46D2FFB21BFA7A400300F90 /* IntentViewController.swift */,
			);
			path = ViewController;
			sourceTree = "<group>";
		};
		C46D2FF321BFA03300300F90 /* Frameworks */ = {
			isa = PBXGroup;
			children = (
				C46D2FF921BFA17200300F90 /* Intents.framework */,
				C46D2FF621BFA03A00300F90 /* CoreSpotlight.framework */,
				C46D2FF421BFA03300300F90 /* MobileCoreServices.framework */,
				C46D300B21BFAB9800300F90 /* IntentsUI.framework */,
			);
			name = Frameworks;
			sourceTree = "<group>";
		};
		C46D300221BFAB9800300F90 /* Event */ = {
			isa = PBXGroup;
			children = (
				C4E764E421C23FDC0094F009 /* IntentDemoHandler.swift */,
				C46D300321BFAB9800300F90 /* IntentHandler.swift */,
				C46D300521BFAB9800300F90 /* Info.plist */,
			);
			path = Event;
			sourceTree = "<group>";
		};
		C46D300D21BFAB9800300F90 /* EventUI */ = {
			isa = PBXGroup;
			children = (
				C46D300E21BFAB9800300F90 /* IntentViewController.swift */,
				C477AF5221C25D7200582A3D /* DisplayViewController.swift */,
				C46D301021BFAB9800300F90 /* MainInterface.storyboard */,
				C46D301321BFAB9800300F90 /* Info.plist */,
			);
			path = EventUI;
			sourceTree = "<group>";
		};
/* End PBXGroup section */

/* Begin PBXNativeTarget section */
		C46D2FBA21BF939000300F90 /* SiriShortcutsDemo */ = {
			isa = PBXNativeTarget;
			buildConfigurationList = C46D2FE321BF939100300F90 /* Build configuration list for PBXNativeTarget "SiriShortcutsDemo" */;
			buildPhases = (
				C46D2FB721BF939000300F90 /* Sources */,
				C46D2FB821BF939000300F90 /* Frameworks */,
				C46D2FB921BF939000300F90 /* Resources */,
				C46D302021BFAB9800300F90 /* Embed App Extensions */,
			);
			buildRules = (
			);
			dependencies = (
				C46D301521BFAB9800300F90 /* PBXTargetDependency */,
				C46D301821BFAB9800300F90 /* PBXTargetDependency */,
			);
			name = SiriShortcutsDemo;
			productName = SiriShortcutsDemo;
			productReference = C46D2FBB21BF939000300F90 /* SiriShortcutsDemo.app */;
			productType = "com.apple.product-type.application";
		};
		C46D2FCE21BF939100300F90 /* SiriShortcutsDemoTests */ = {
			isa = PBXNativeTarget;
			buildConfigurationList = C46D2FE621BF939100300F90 /* Build configuration list for PBXNativeTarget "SiriShortcutsDemoTests" */;
			buildPhases = (
				C46D2FCB21BF939100300F90 /* Sources */,
				C46D2FCC21BF939100300F90 /* Frameworks */,
				C46D2FCD21BF939100300F90 /* Resources */,
			);
			buildRules = (
			);
			dependencies = (
				C46D2FD121BF939100300F90 /* PBXTargetDependency */,
			);
			name = SiriShortcutsDemoTests;
			productName = SiriShortcutsDemoTests;
			productReference = C46D2FCF21BF939100300F90 /* SiriShortcutsDemoTests.xctest */;
			productType = "com.apple.product-type.bundle.unit-test";
		};
		C46D2FD921BF939100300F90 /* SiriShortcutsDemoUITests */ = {
			isa = PBXNativeTarget;
			buildConfigurationList = C46D2FE921BF939100300F90 /* Build configuration list for PBXNativeTarget "SiriShortcutsDemoUITests" */;
			buildPhases = (
				C46D2FD621BF939100300F90 /* Sources */,
				C46D2FD721BF939100300F90 /* Frameworks */,
				C46D2FD821BF939100300F90 /* Resources */,
			);
			buildRules = (
			);
			dependencies = (
				C46D2FDC21BF939100300F90 /* PBXTargetDependency */,
			);
			name = SiriShortcutsDemoUITests;
			productName = SiriShortcutsDemoUITests;
			productReference = C46D2FDA21BF939100300F90 /* SiriShortcutsDemoUITests.xctest */;
			productType = "com.apple.product-type.bundle.ui-testing";
		};
		C46D300021BFAB9800300F90 /* Event */ = {
			isa = PBXNativeTarget;
			buildConfigurationList = C46D301D21BFAB9800300F90 /* Build configuration list for PBXNativeTarget "Event" */;
			buildPhases = (
				C46D2FFD21BFAB9800300F90 /* Sources */,
				C46D2FFE21BFAB9800300F90 /* Frameworks */,
				C46D2FFF21BFAB9800300F90 /* Resources */,
			);
			buildRules = (
			);
			dependencies = (
			);
			name = Event;
			productName = Event;
			productReference = C46D300121BFAB9800300F90 /* Event.appex */;
			productType = "com.apple.product-type.app-extension";
		};
		C46D300921BFAB9800300F90 /* EventUI */ = {
			isa = PBXNativeTarget;
			buildConfigurationList = C46D301A21BFAB9800300F90 /* Build configuration list for PBXNativeTarget "EventUI" */;
			buildPhases = (
				C46D300621BFAB9800300F90 /* Sources */,
				C46D300721BFAB9800300F90 /* Frameworks */,
				C46D300821BFAB9800300F90 /* Resources */,
			);
			buildRules = (
			);
			dependencies = (
			);
			name = EventUI;
			productName = EventUI;
			productReference = C46D300A21BFAB9800300F90 /* EventUI.appex */;
			productType = "com.apple.product-type.app-extension";
		};
/* End PBXNativeTarget section */

/* Begin PBXProject section */
		C46D2FB321BF939000300F90 /* Project object */ = {
			isa = PBXProject;
			attributes = {
				LastSwiftUpdateCheck = 1010;
				LastUpgradeCheck = 1010;
				ORGANIZATIONNAME = zlm;
				TargetAttributes = {
					C46D2FBA21BF939000300F90 = {
						CreatedOnToolsVersion = 10.1;
						SystemCapabilities = {
							com.apple.Siri = {
								enabled = 1;
							};
						};
					};
					C46D2FCE21BF939100300F90 = {
						CreatedOnToolsVersion = 10.1;
						TestTargetID = C46D2FBA21BF939000300F90;
					};
					C46D2FD921BF939100300F90 = {
						CreatedOnToolsVersion = 10.1;
						TestTargetID = C46D2FBA21BF939000300F90;
					};
					C46D300021BFAB9800300F90 = {
						CreatedOnToolsVersion = 10.1;
					};
					C46D300921BFAB9800300F90 = {
						CreatedOnToolsVersion = 10.1;
					};
				};
			};
			buildConfigurationList = C46D2FB621BF939000300F90 /* Build configuration list for PBXProject "SiriShortcutsDemo" */;
			compatibilityVersion = "Xcode 9.3";
			developmentRegion = en;
			hasScannedForEncodings = 0;
			knownRegions = (
				en,
				Base,
			);
			mainGroup = C46D2FB221BF939000300F90;
			productRefGroup = C46D2FBC21BF939000300F90 /* Products */;
			projectDirPath = "";
			projectRoot = "";
			targets = (
				C46D2FBA21BF939000300F90 /* SiriShortcutsDemo */,
				C46D2FCE21BF939100300F90 /* SiriShortcutsDemoTests */,
				C46D2FD921BF939100300F90 /* SiriShortcutsDemoUITests */,
				C46D300021BFAB9800300F90 /* Event */,
				C46D300921BFAB9800300F90 /* EventUI */,
			);
		};
/* End PBXProject section */

/* Begin PBXResourcesBuildPhase section */
		C46D2FB921BF939000300F90 /* Resources */ = {
			isa = PBXResourcesBuildPhase;
			buildActionMask = 2147483647;
			files = (
				C46D2FC921BF939100300F90 /* LaunchScreen.storyboard in Resources */,
				C46D2FC621BF939100300F90 /* Assets.xcassets in Resources */,
				C46D2FC421BF939000300F90 /* Main.storyboard in Resources */,
			);
			runOnlyForDeploymentPostprocessing = 0;
		};
		C46D2FCD21BF939100300F90 /* Resources */ = {
			isa = PBXResourcesBuildPhase;
			buildActionMask = 2147483647;
			files = (
			);
			runOnlyForDeploymentPostprocessing = 0;
		};
		C46D2FD821BF939100300F90 /* Resources */ = {
			isa = PBXResourcesBuildPhase;
			buildActionMask = 2147483647;
			files = (
			);
			runOnlyForDeploymentPostprocessing = 0;
		};
		C46D2FFF21BFAB9800300F90 /* Resources */ = {
			isa = PBXResourcesBuildPhase;
			buildActionMask = 2147483647;
			files = (
			);
			runOnlyForDeploymentPostprocessing = 0;
		};
		C46D300821BFAB9800300F90 /* Resources */ = {
			isa = PBXResourcesBuildPhase;
			buildActionMask = 2147483647;
			files = (
				C46D301221BFAB9800300F90 /* MainInterface.storyboard in Resources */,
			);
			runOnlyForDeploymentPostprocessing = 0;
		};
/* End PBXResourcesBuildPhase section */

/* Begin PBXSourcesBuildPhase section */
		C46D2FB721BF939000300F90 /* Sources */ = {
			isa = PBXSourcesBuildPhase;
			buildActionMask = 2147483647;
			files = (
				C46D2FFC21BFA7A400300F90 /* IntentViewController.swift in Sources */,
				C46D2FF021BF956500300F90 /* Intents.intentdefinition in Sources */,
				C46D2FBF21BF939000300F90 /* AppDelegate.swift in Sources */,
				C46D2FED21BF943600300F90 /* RootViewController.swift in Sources */,
				C46D2FF221BF968F00300F90 /* ActityModeViewController.swift in Sources */,
			);
			runOnlyForDeploymentPostprocessing = 0;
		};
		C46D2FCB21BF939100300F90 /* Sources */ = {
			isa = PBXSourcesBuildPhase;
			buildActionMask = 2147483647;
			files = (
				C46D2FD421BF939100300F90 /* SiriShortcutsDemoTests.swift in Sources */,
			);
			runOnlyForDeploymentPostprocessing = 0;
		};
		C46D2FD621BF939100300F90 /* Sources */ = {
			isa = PBXSourcesBuildPhase;
			buildActionMask = 2147483647;
			files = (
				C46D2FDF21BF939100300F90 /* SiriShortcutsDemoUITests.swift in Sources */,
			);
			runOnlyForDeploymentPostprocessing = 0;
		};
		C46D2FFD21BFAB9800300F90 /* Sources */ = {
			isa = PBXSourcesBuildPhase;
			buildActionMask = 2147483647;
			files = (
				C4E764E221C2395B0094F009 /* Intents.intentdefinition in Sources */,
				C4E764E521C23FDC0094F009 /* IntentDemoHandler.swift in Sources */,
				C46D300421BFAB9800300F90 /* IntentHandler.swift in Sources */,
			);
			runOnlyForDeploymentPostprocessing = 0;
		};
		C46D300621BFAB9800300F90 /* Sources */ = {
			isa = PBXSourcesBuildPhase;
			buildActionMask = 2147483647;
			files = (
				C4E764E321C2395C0094F009 /* Intents.intentdefinition in Sources */,
				C477AF5321C25D7200582A3D /* DisplayViewController.swift in Sources */,
				C46D300F21BFAB9800300F90 /* IntentViewController.swift in Sources */,
			);
			runOnlyForDeploymentPostprocessing = 0;
		};
/* End PBXSourcesBuildPhase section */

/* Begin PBXTargetDependency section */
		C46D2FD121BF939100300F90 /* PBXTargetDependency */ = {
			isa = PBXTargetDependency;
			target = C46D2FBA21BF939000300F90 /* SiriShortcutsDemo */;
			targetProxy = C46D2FD021BF939100300F90 /* PBXContainerItemProxy */;
		};
		C46D2FDC21BF939100300F90 /* PBXTargetDependency */ = {
			isa = PBXTargetDependency;
			target = C46D2FBA21BF939000300F90 /* SiriShortcutsDemo */;
			targetProxy = C46D2FDB21BF939100300F90 /* PBXContainerItemProxy */;
		};
		C46D301521BFAB9800300F90 /* PBXTargetDependency */ = {
			isa = PBXTargetDependency;
			target = C46D300921BFAB9800300F90 /* EventUI */;
			targetProxy = C46D301421BFAB9800300F90 /* PBXContainerItemProxy */;
		};
		C46D301821BFAB9800300F90 /* PBXTargetDependency */ = {
			isa = PBXTargetDependency;
			target = C46D300021BFAB9800300F90 /* Event */;
			targetProxy = C46D301721BFAB9800300F90 /* PBXContainerItemProxy */;
		};
/* End PBXTargetDependency section */

/* Begin PBXVariantGroup section */
		C46D2FC221BF939000300F90 /* Main.storyboard */ = {
			isa = PBXVariantGroup;
			children = (
				C46D2FC321BF939000300F90 /* Base */,
			);
			name = Main.storyboard;
			sourceTree = "<group>";
		};
		C46D2FC721BF939100300F90 /* LaunchScreen.storyboard */ = {
			isa = PBXVariantGroup;
			children = (
				C46D2FC821BF939100300F90 /* Base */,
			);
			name = LaunchScreen.storyboard;
			sourceTree = "<group>";
		};
		C46D301021BFAB9800300F90 /* MainInterface.storyboard */ = {
			isa = PBXVariantGroup;
			children = (
				C46D301121BFAB9800300F90 /* Base */,
			);
			name = MainInterface.storyboard;
			sourceTree = "<group>";
		};
/* End PBXVariantGroup section */

/* Begin XCBuildConfiguration section */
		C46D2FE121BF939100300F90 /* Debug */ = {
			isa = XCBuildConfiguration;
			buildSettings = {
				ALWAYS_SEARCH_USER_PATHS = NO;
				CLANG_ANALYZER_NONNULL = YES;
				CLANG_ANALYZER_NUMBER_OBJECT_CONVERSION = YES_AGGRESSIVE;
				CLANG_CXX_LANGUAGE_STANDARD = "gnu++14";
				CLANG_CXX_LIBRARY = "libc++";
				CLANG_ENABLE_MODULES = YES;
				CLANG_ENABLE_OBJC_ARC = YES;
				CLANG_ENABLE_OBJC_WEAK = YES;
				CLANG_WARN_BLOCK_CAPTURE_AUTORELEASING = YES;
				CLANG_WARN_BOOL_CONVERSION = YES;
				CLANG_WARN_COMMA = YES;
				CLANG_WARN_CONSTANT_CONVERSION = YES;
				CLANG_WARN_DEPRECATED_OBJC_IMPLEMENTATIONS = YES;
				CLANG_WARN_DIRECT_OBJC_ISA_USAGE = YES_ERROR;
				CLANG_WARN_DOCUMENTATION_COMMENTS = YES;
				CLANG_WARN_EMPTY_BODY = YES;
				CLANG_WARN_ENUM_CONVERSION = YES;
				CLANG_WARN_INFINITE_RECURSION = YES;
				CLANG_WARN_INT_CONVERSION = YES;
				CLANG_WARN_NON_LITERAL_NULL_CONVERSION = YES;
				CLANG_WARN_OBJC_IMPLICIT_RETAIN_SELF = YES;
				CLANG_WARN_OBJC_LITERAL_CONVERSION = YES;
				CLANG_WARN_OBJC_ROOT_CLASS = YES_ERROR;
				CLANG_WARN_RANGE_LOOP_ANALYSIS = YES;
				CLANG_WARN_STRICT_PROTOTYPES = YES;
				CLANG_WARN_SUSPICIOUS_MOVE = YES;
				CLANG_WARN_UNGUARDED_AVAILABILITY = YES_AGGRESSIVE;
				CLANG_WARN_UNREACHABLE_CODE = YES;
				CLANG_WARN__DUPLICATE_METHOD_MATCH = YES;
				CODE_SIGN_IDENTITY = "iPhone Developer";
				COPY_PHASE_STRIP = NO;
				DEBUG_INFORMATION_FORMAT = dwarf;
				ENABLE_STRICT_OBJC_MSGSEND = YES;
				ENABLE_TESTABILITY = YES;
				GCC_C_LANGUAGE_STANDARD = gnu11;
				GCC_DYNAMIC_NO_PIC = NO;
				GCC_NO_COMMON_BLOCKS = YES;
				GCC_OPTIMIZATION_LEVEL = 0;
				GCC_PREPROCESSOR_DEFINITIONS = (
					"DEBUG=1",
					"$(inherited)",
				);
				GCC_WARN_64_TO_32_BIT_CONVERSION = YES;
				GCC_WARN_ABOUT_RETURN_TYPE = YES_ERROR;
				GCC_WARN_UNDECLARED_SELECTOR = YES;
				GCC_WARN_UNINITIALIZED_AUTOS = YES_AGGRESSIVE;
				GCC_WARN_UNUSED_FUNCTION = YES;
				GCC_WARN_UNUSED_VARIABLE = YES;
				IPHONEOS_DEPLOYMENT_TARGET = 12.1;
				MTL_ENABLE_DEBUG_INFO = INCLUDE_SOURCE;
				MTL_FAST_MATH = YES;
				ONLY_ACTIVE_ARCH = YES;
				SDKROOT = iphoneos;
				SWIFT_ACTIVE_COMPILATION_CONDITIONS = DEBUG;
				SWIFT_OPTIMIZATION_LEVEL = "-Onone";
			};
			name = Debug;
		};
		C46D2FE221BF939100300F90 /* Release */ = {
			isa = XCBuildConfiguration;
			buildSettings = {
				ALWAYS_SEARCH_USER_PATHS = NO;
				CLANG_ANALYZER_NONNULL = YES;
				CLANG_ANALYZER_NUMBER_OBJECT_CONVERSION = YES_AGGRESSIVE;
				CLANG_CXX_LANGUAGE_STANDARD = "gnu++14";
				CLANG_CXX_LIBRARY = "libc++";
				CLANG_ENABLE_MODULES = YES;
				CLANG_ENABLE_OBJC_ARC = YES;
				CLANG_ENABLE_OBJC_WEAK = YES;
				CLANG_WARN_BLOCK_CAPTURE_AUTORELEASING = YES;
				CLANG_WARN_BOOL_CONVERSION = YES;
				CLANG_WARN_COMMA = YES;
				CLANG_WARN_CONSTANT_CONVERSION = YES;
				CLANG_WARN_DEPRECATED_OBJC_IMPLEMENTATIONS = YES;
				CLANG_WARN_DIRECT_OBJC_ISA_USAGE = YES_ERROR;
				CLANG_WARN_DOCUMENTATION_COMMENTS = YES;
				CLANG_WARN_EMPTY_BODY = YES;
				CLANG_WARN_ENUM_CONVERSION = YES;
				CLANG_WARN_INFINITE_RECURSION = YES;
				CLANG_WARN_INT_CONVERSION = YES;
				CLANG_WARN_NON_LITERAL_NULL_CONVERSION = YES;
				CLANG_WARN_OBJC_IMPLICIT_RETAIN_SELF = YES;
				CLANG_WARN_OBJC_LITERAL_CONVERSION = YES;
				CLANG_WARN_OBJC_ROOT_CLASS = YES_ERROR;
				CLANG_WARN_RANGE_LOOP_ANALYSIS = YES;
				CLANG_WARN_STRICT_PROTOTYPES = YES;
				CLANG_WARN_SUSPICIOUS_MOVE = YES;
				CLANG_WARN_UNGUARDED_AVAILABILITY = YES_AGGRESSIVE;
				CLANG_WARN_UNREACHABLE_CODE = YES;
				CLANG_WARN__DUPLICATE_METHOD_MATCH = YES;
				CODE_SIGN_IDENTITY = "iPhone Developer";
				COPY_PHASE_STRIP = NO;
				DEBUG_INFORMATION_FORMAT = "dwarf-with-dsym";
				ENABLE_NS_ASSERTIONS = NO;
				ENABLE_STRICT_OBJC_MSGSEND = YES;
				GCC_C_LANGUAGE_STANDARD = gnu11;
				GCC_NO_COMMON_BLOCKS = YES;
				GCC_WARN_64_TO_32_BIT_CONVERSION = YES;
				GCC_WARN_ABOUT_RETURN_TYPE = YES_ERROR;
				GCC_WARN_UNDECLARED_SELECTOR = YES;
				GCC_WARN_UNINITIALIZED_AUTOS = YES_AGGRESSIVE;
				GCC_WARN_UNUSED_FUNCTION = YES;
				GCC_WARN_UNUSED_VARIABLE = YES;
				IPHONEOS_DEPLOYMENT_TARGET = 12.1;
				MTL_ENABLE_DEBUG_INFO = NO;
				MTL_FAST_MATH = YES;
				SDKROOT = iphoneos;
				SWIFT_COMPILATION_MODE = wholemodule;
				SWIFT_OPTIMIZATION_LEVEL = "-O";
				VALIDATE_PRODUCT = YES;
			};
			name = Release;
		};
		C46D2FE421BF939100300F90 /* Debug */ = {
			isa = XCBuildConfiguration;
			buildSettings = {
				ALWAYS_EMBED_SWIFT_STANDARD_LIBRARIES = YES;
				ASSETCATALOG_COMPILER_APPICON_NAME = AppIcon;
				CODE_SIGN_ENTITLEMENTS = SiriShortcutsDemo/SiriShortcutsDemo.entitlements;
				CODE_SIGN_STYLE = Automatic;
				DEVELOPMENT_TEAM = FA222CQ7R2;
				INFOPLIST_FILE = SiriShortcutsDemo/Info.plist;
				LD_RUNPATH_SEARCH_PATHS = (
					"$(inherited)",
					"@executable_path/Frameworks",
				);
				PRODUCT_BUNDLE_IDENTIFIER = com.zlm.SiriShortcutsDemo;
				PRODUCT_NAME = "$(TARGET_NAME)";
				SWIFT_VERSION = 4.2;
				TARGETED_DEVICE_FAMILY = "1,2";
			};
			name = Debug;
		};
		C46D2FE521BF939100300F90 /* Release */ = {
			isa = XCBuildConfiguration;
			buildSettings = {
				ALWAYS_EMBED_SWIFT_STANDARD_LIBRARIES = YES;
				ASSETCATALOG_COMPILER_APPICON_NAME = AppIcon;
				CODE_SIGN_ENTITLEMENTS = SiriShortcutsDemo/SiriShortcutsDemo.entitlements;
				CODE_SIGN_STYLE = Automatic;
				DEVELOPMENT_TEAM = FA222CQ7R2;
				INFOPLIST_FILE = SiriShortcutsDemo/Info.plist;
				LD_RUNPATH_SEARCH_PATHS = (
					"$(inherited)",
					"@executable_path/Frameworks",
				);
				PRODUCT_BUNDLE_IDENTIFIER = com.zlm.SiriShortcutsDemo;
				PRODUCT_NAME = "$(TARGET_NAME)";
				SWIFT_VERSION = 4.2;
				TARGETED_DEVICE_FAMILY = "1,2";
			};
			name = Release;
		};
		C46D2FE721BF939100300F90 /* Debug */ = {
			isa = XCBuildConfiguration;
			buildSettings = {
				ALWAYS_EMBED_SWIFT_STANDARD_LIBRARIES = YES;
				BUNDLE_LOADER = "$(TEST_HOST)";
				CODE_SIGN_STYLE = Automatic;
				DEVELOPMENT_TEAM = FA222CQ7R2;
				INFOPLIST_FILE = SiriShortcutsDemoTests/Info.plist;
				LD_RUNPATH_SEARCH_PATHS = (
					"$(inherited)",
					"@executable_path/Frameworks",
					"@loader_path/Frameworks",
				);
				PRODUCT_BUNDLE_IDENTIFIER = com.zlm.SiriShortcutsDemoTests;
				PRODUCT_NAME = "$(TARGET_NAME)";
				SWIFT_VERSION = 4.2;
				TARGETED_DEVICE_FAMILY = "1,2";
				TEST_HOST = "$(BUILT_PRODUCTS_DIR)/SiriShortcutsDemo.app/SiriShortcutsDemo";
			};
			name = Debug;
		};
		C46D2FE821BF939100300F90 /* Release */ = {
			isa = XCBuildConfiguration;
			buildSettings = {
				ALWAYS_EMBED_SWIFT_STANDARD_LIBRARIES = YES;
				BUNDLE_LOADER = "$(TEST_HOST)";
				CODE_SIGN_STYLE = Automatic;
				DEVELOPMENT_TEAM = FA222CQ7R2;
				INFOPLIST_FILE = SiriShortcutsDemoTests/Info.plist;
				LD_RUNPATH_SEARCH_PATHS = (
					"$(inherited)",
					"@executable_path/Frameworks",
					"@loader_path/Frameworks",
				);
				PRODUCT_BUNDLE_IDENTIFIER = com.zlm.SiriShortcutsDemoTests;
				PRODUCT_NAME = "$(TARGET_NAME)";
				SWIFT_VERSION = 4.2;
				TARGETED_DEVICE_FAMILY = "1,2";
				TEST_HOST = "$(BUILT_PRODUCTS_DIR)/SiriShortcutsDemo.app/SiriShortcutsDemo";
			};
			name = Release;
		};
		C46D2FEA21BF939100300F90 /* Debug */ = {
			isa = XCBuildConfiguration;
			buildSettings = {
				ALWAYS_EMBED_SWIFT_STANDARD_LIBRARIES = YES;
				CODE_SIGN_STYLE = Automatic;
				DEVELOPMENT_TEAM = FA222CQ7R2;
				INFOPLIST_FILE = SiriShortcutsDemoUITests/Info.plist;
				LD_RUNPATH_SEARCH_PATHS = (
					"$(inherited)",
					"@executable_path/Frameworks",
					"@loader_path/Frameworks",
				);
				PRODUCT_BUNDLE_IDENTIFIER = com.zlm.SiriShortcutsDemoUITests;
				PRODUCT_NAME = "$(TARGET_NAME)";
				SWIFT_VERSION = 4.2;
				TARGETED_DEVICE_FAMILY = "1,2";
				TEST_TARGET_NAME = SiriShortcutsDemo;
			};
			name = Debug;
		};
		C46D2FEB21BF939100300F90 /* Release */ = {
			isa = XCBuildConfiguration;
			buildSettings = {
				ALWAYS_EMBED_SWIFT_STANDARD_LIBRARIES = YES;
				CODE_SIGN_STYLE = Automatic;
				DEVELOPMENT_TEAM = FA222CQ7R2;
				INFOPLIST_FILE = SiriShortcutsDemoUITests/Info.plist;
				LD_RUNPATH_SEARCH_PATHS = (
					"$(inherited)",
					"@executable_path/Frameworks",
					"@loader_path/Frameworks",
				);
				PRODUCT_BUNDLE_IDENTIFIER = com.zlm.SiriShortcutsDemoUITests;
				PRODUCT_NAME = "$(TARGET_NAME)";
				SWIFT_VERSION = 4.2;
				TARGETED_DEVICE_FAMILY = "1,2";
				TEST_TARGET_NAME = SiriShortcutsDemo;
			};
			name = Release;
		};
		C46D301B21BFAB9800300F90 /* Debug */ = {
			isa = XCBuildConfiguration;
			buildSettings = {
				CODE_SIGN_STYLE = Automatic;
				DEVELOPMENT_TEAM = FA222CQ7R2;
				INFOPLIST_FILE = EventUI/Info.plist;
				LD_RUNPATH_SEARCH_PATHS = (
					"$(inherited)",
					"@executable_path/Frameworks",
					"@executable_path/../../Frameworks",
				);
				PRODUCT_BUNDLE_IDENTIFIER = com.zlm.SiriShortcutsDemo.EventUI;
				PRODUCT_NAME = "$(TARGET_NAME)";
				SKIP_INSTALL = YES;
				SWIFT_VERSION = 4.2;
				TARGETED_DEVICE_FAMILY = "1,2";
			};
			name = Debug;
		};
		C46D301C21BFAB9800300F90 /* Release */ = {
			isa = XCBuildConfiguration;
			buildSettings = {
				CODE_SIGN_STYLE = Automatic;
				DEVELOPMENT_TEAM = FA222CQ7R2;
				INFOPLIST_FILE = EventUI/Info.plist;
				LD_RUNPATH_SEARCH_PATHS = (
					"$(inherited)",
					"@executable_path/Frameworks",
					"@executable_path/../../Frameworks",
				);
				PRODUCT_BUNDLE_IDENTIFIER = com.zlm.SiriShortcutsDemo.EventUI;
				PRODUCT_NAME = "$(TARGET_NAME)";
				SKIP_INSTALL = YES;
				SWIFT_VERSION = 4.2;
				TARGETED_DEVICE_FAMILY = "1,2";
			};
			name = Release;
		};
		C46D301E21BFAB9800300F90 /* Debug */ = {
			isa = XCBuildConfiguration;
			buildSettings = {
				CODE_SIGN_STYLE = Automatic;
				DEVELOPMENT_TEAM = FA222CQ7R2;
				INFOPLIST_FILE = Event/Info.plist;
				LD_RUNPATH_SEARCH_PATHS = (
					"$(inherited)",
					"@executable_path/Frameworks",
					"@executable_path/../../Frameworks",
				);
				PRODUCT_BUNDLE_IDENTIFIER = com.zlm.SiriShortcutsDemo.Event;
				PRODUCT_NAME = "$(TARGET_NAME)";
				SKIP_INSTALL = YES;
				SWIFT_VERSION = 4.2;
				TARGETED_DEVICE_FAMILY = "1,2";
			};
			name = Debug;
		};
		C46D301F21BFAB9800300F90 /* Release */ = {
			isa = XCBuildConfiguration;
			buildSettings = {
				CODE_SIGN_STYLE = Automatic;
				DEVELOPMENT_TEAM = FA222CQ7R2;
				INFOPLIST_FILE = Event/Info.plist;
				LD_RUNPATH_SEARCH_PATHS = (
					"$(inherited)",
					"@executable_path/Frameworks",
					"@executable_path/../../Frameworks",
				);
				PRODUCT_BUNDLE_IDENTIFIER = com.zlm.SiriShortcutsDemo.Event;
				PRODUCT_NAME = "$(TARGET_NAME)";
				SKIP_INSTALL = YES;
				SWIFT_VERSION = 4.2;
				TARGETED_DEVICE_FAMILY = "1,2";
			};
			name = Release;
		};
/* End XCBuildConfiguration section */

/* Begin XCConfigurationList section */
		C46D2FB621BF939000300F90 /* Build configuration list for PBXProject "SiriShortcutsDemo" */ = {
			isa = XCConfigurationList;
			buildConfigurations = (
				C46D2FE121BF939100300F90 /* Debug */,
				C46D2FE221BF939100300F90 /* Release */,
			);
			defaultConfigurationIsVisible = 0;
			defaultConfigurationName = Release;
		};
		C46D2FE321BF939100300F90 /* Build configuration list for PBXNativeTarget "SiriShortcutsDemo" */ = {
			isa = XCConfigurationList;
			buildConfigurations = (
				C46D2FE421BF939100300F90 /* Debug */,
				C46D2FE521BF939100300F90 /* Release */,
			);
			defaultConfigurationIsVisible = 0;
			defaultConfigurationName = Release;
		};
		C46D2FE621BF939100300F90 /* Build configuration list for PBXNativeTarget "SiriShortcutsDemoTests" */ = {
			isa = XCConfigurationList;
			buildConfigurations = (
				C46D2FE721BF939100300F90 /* Debug */,
				C46D2FE821BF939100300F90 /* Release */,
			);
			defaultConfigurationIsVisible = 0;
			defaultConfigurationName = Release;
		};
		C46D2FE921BF939100300F90 /* Build configuration list for PBXNativeTarget "SiriShortcutsDemoUITests" */ = {
			isa = XCConfigurationList;
			buildConfigurations = (
				C46D2FEA21BF939100300F90 /* Debug */,
				C46D2FEB21BF939100300F90 /* Release */,
			);
			defaultConfigurationIsVisible = 0;
			defaultConfigurationName = Release;
		};
		C46D301A21BFAB9800300F90 /* Build configuration list for PBXNativeTarget "EventUI" */ = {
			isa = XCConfigurationList;
			buildConfigurations = (
				C46D301B21BFAB9800300F90 /* Debug */,
				C46D301C21BFAB9800300F90 /* Release */,
			);
			defaultConfigurationIsVisible = 0;
			defaultConfigurationName = Release;
		};
		C46D301D21BFAB9800300F90 /* Build configuration list for PBXNativeTarget "Event" */ = {
			isa = XCConfigurationList;
			buildConfigurations = (
				C46D301E21BFAB9800300F90 /* Debug */,
				C46D301F21BFAB9800300F90 /* Release */,
			);
			defaultConfigurationIsVisible = 0;
			defaultConfigurationName = Release;
		};
/* End XCConfigurationList section */
	};
	rootObject = C46D2FB321BF939000300F90 /* Project object */;
}
